
Microsoft Visual Studio Solution File, Format Version 12.00
# Visual Studio Version 16
VisualStudioVersion = 16.0.30028.174
MinimumVisualStudioVersion = 10.0.40219.1
Project("{FAE04EC0-301F-11D3-BF4B-00C04F79EFBC}") = "Result", "Result\Result.csproj", "{BB221B90-2836-438C-ABE6-CFFC596FB5F1}"
EndProject
Project("{FAE04EC0-301F-11D3-BF4B-00C04F79EFBC}") = "Result.Tests", "Result.Tests\Result.Tests.csproj", "{596D9766-12ED-4787-A8DC-174805191214}"
EndProject
Global
	GlobalSection(SolutionConfigurationPlatforms) = preSolution
		Debug|Any CPU = Debug|Any CPU
		Release|Any CPU = Release|Any CPU
	EndGlobalSection
	GlobalSection(ProjectConfigurationPlatforms) = postSolution
		{BB221B90-2836-438C-ABE6-CFFC596FB5F1}.Debug|Any CPU.ActiveCfg = Debug|Any CPU
		{BB221B90-2836-438C-ABE6-CFFC596FB5F1}.Debug|Any CPU.Build.0 = Debug|Any CPU
		{BB221B90-2836-438C-ABE6-CFFC596FB5F1}.Release|Any CPU.ActiveCfg = Release|Any CPU
		{BB221B90-2836-438C-ABE6-CFFC596FB5F1}.Release|Any CPU.Build.0 = Release|Any CPU
		{596D9766-12ED-4787-A8DC-174805191214}.Debug|Any CPU.ActiveCfg = Debug|Any CPU
		{596D9766-12ED-4787-A8DC-174805191214}.Debug|Any CPU.Build.0 = Debug|Any CPU
		{596D9766-12ED-4787-A8DC-174805191214}.Release|Any CPU.ActiveCfg = Release|Any CPU
		{596D9766-12ED-4787-A8DC-174805191214}.Release|Any CPU.Build.0 = Release|Any CPU
	EndGlobalSection
	GlobalSection(SolutionProperties) = preSolution
		HideSolutionNode = FALSE
	EndGlobalSection
	GlobalSection(ExtensibilityGlobals) = postSolution
		SolutionGuid = {C614DB5E-2282-407A-86CE-9D8F2AAA788C}
	EndGlobalSection
EndGlobal
